
Microsoft Visual Studio Solution File, Format Version 12.00
# Visual Studio 15
VisualStudioVersion = 15.0.27428.2043
MinimumVisualStudioVersion = 10.0.40219.1
Project("{FAE04EC0-301F-11D3-BF4B-00C04F79EFBC}") = "CalculadoraRazor", "CalculadoraRazor\CalculadoraRazor.csproj", "{DB1D0A5C-2BAA-441D-9748-684B35CF8971}"
EndProject
Global
	GlobalSection(SolutionConfigurationPlatforms) = preSolution
		Debug|Any CPU = Debug|Any CPU
		Release|Any CPU = Release|Any CPU
	EndGlobalSection
	GlobalSection(ProjectConfigurationPlatforms) = postSolution
		{DB1D0A5C-2BAA-441D-9748-684B35CF8971}.Debug|Any CPU.ActiveCfg = Debug|Any CPU
		{DB1D0A5C-2BAA-441D-9748-684B35CF8971}.Debug|Any CPU.Build.0 = Debug|Any CPU
		{DB1D0A5C-2BAA-441D-9748-684B35CF8971}.Release|Any CPU.ActiveCfg = Release|Any CPU
		{DB1D0A5C-2BAA-441D-9748-684B35CF8971}.Release|Any CPU.Build.0 = Release|Any CPU
	EndGlobalSection
	GlobalSection(SolutionProperties) = preSolution
		HideSolutionNode = FALSE
	EndGlobalSection
	GlobalSection(ExtensibilityGlobals) = postSolution
		SolutionGuid = {E3C0E899-7BC9-4CA2-8942-62082C266C65}
	EndGlobalSection
EndGlobal
